
Microsoft Visual Studio Solution File, Format Version 12.00
# Visual Studio Version 17
VisualStudioVersion = 17.0.32112.339
MinimumVisualStudioVersion = 10.0.40219.1
Project("{FAE04EC0-301F-11D3-BF4B-00C04F79EFBC}") = "CentroRicercaWF", "CentroRicercaWF.csproj", "{45CBFE43-449C-426C-AF66-38724A075757}"
EndProject
Global
	GlobalSection(SolutionConfigurationPlatforms) = preSolution
		Debug|Any CPU = Debug|Any CPU
		Release|Any CPU = Release|Any CPU
	EndGlobalSection
	GlobalSection(ProjectConfigurationPlatforms) = postSolution
		{45CBFE43-449C-426C-AF66-38724A075757}.Debug|Any CPU.ActiveCfg = Debug|Any CPU
		{45CBFE43-449C-426C-AF66-38724A075757}.Debug|Any CPU.Build.0 = Debug|Any CPU
		{45CBFE43-449C-426C-AF66-38724A075757}.Release|Any CPU.ActiveCfg = Release|Any CPU
		{45CBFE43-449C-426C-AF66-38724A075757}.Release|Any CPU.Build.0 = Release|Any CPU
	EndGlobalSection
	GlobalSection(SolutionProperties) = preSolution
		HideSolutionNode = FALSE
	EndGlobalSection
	GlobalSection(ExtensibilityGlobals) = postSolution
		SolutionGuid = {EC8B9875-9387-4CDB-A4E7-2F83ABDDC219}
	EndGlobalSection
EndGlobal
