
Microsoft Visual Studio Solution File, Format Version 12.00
# Visual Studio Version 16
VisualStudioVersion = 16.0.30907.101
MinimumVisualStudioVersion = 10.0.40219.1
Project("{FAE04EC0-301F-11D3-BF4B-00C04F79EFBC}") = "NetCoreConsole", "NetCoreConsole\NetCoreConsole.csproj", "{520AD97F-9469-4C60-AD1F-220209204C42}"
EndProject
Global
	GlobalSection(SolutionConfigurationPlatforms) = preSolution
		Debug|Any CPU = Debug|Any CPU
		Release|Any CPU = Release|Any CPU
	EndGlobalSection
	GlobalSection(ProjectConfigurationPlatforms) = postSolution
		{520AD97F-9469-4C60-AD1F-220209204C42}.Debug|Any CPU.ActiveCfg = Debug|Any CPU
		{520AD97F-9469-4C60-AD1F-220209204C42}.Debug|Any CPU.Build.0 = Debug|Any CPU
		{520AD97F-9469-4C60-AD1F-220209204C42}.Release|Any CPU.ActiveCfg = Release|Any CPU
		{520AD97F-9469-4C60-AD1F-220209204C42}.Release|Any CPU.Build.0 = Release|Any CPU
	EndGlobalSection
	GlobalSection(SolutionProperties) = preSolution
		HideSolutionNode = FALSE
	EndGlobalSection
	GlobalSection(ExtensibilityGlobals) = postSolution
		SolutionGuid = {D733FC37-B040-4EA4-82FF-3FE60641B534}
	EndGlobalSection
EndGlobal
