
Microsoft Visual Studio Solution File, Format Version 12.00
# Visual Studio Version 16
VisualStudioVersion = 16.0.30907.101
MinimumVisualStudioVersion = 10.0.40219.1
Project("{FAE04EC0-301F-11D3-BF4B-00C04F79EFBC}") = "Property", "Property.csproj", "{DBE1EA0A-5CFE-4EC1-BC9A-DFBF80B060B3}"
EndProject
Global
	GlobalSection(SolutionConfigurationPlatforms) = preSolution
		Debug|Any CPU = Debug|Any CPU
		Release|Any CPU = Release|Any CPU
	EndGlobalSection
	GlobalSection(ProjectConfigurationPlatforms) = postSolution
		{DBE1EA0A-5CFE-4EC1-BC9A-DFBF80B060B3}.Debug|Any CPU.ActiveCfg = Debug|Any CPU
		{DBE1EA0A-5CFE-4EC1-BC9A-DFBF80B060B3}.Debug|Any CPU.Build.0 = Debug|Any CPU
		{DBE1EA0A-5CFE-4EC1-BC9A-DFBF80B060B3}.Release|Any CPU.ActiveCfg = Release|Any CPU
		{DBE1EA0A-5CFE-4EC1-BC9A-DFBF80B060B3}.Release|Any CPU.Build.0 = Release|Any CPU
	EndGlobalSection
	GlobalSection(SolutionProperties) = preSolution
		HideSolutionNode = FALSE
	EndGlobalSection
	GlobalSection(ExtensibilityGlobals) = postSolution
		SolutionGuid = {F53DDEDC-66C5-4F36-821F-9F310BFA5FFB}
	EndGlobalSection
EndGlobal
