
Microsoft Visual Studio Solution File, Format Version 12.00
# Visual Studio Version 16
VisualStudioVersion = 16.0.31911.196
MinimumVisualStudioVersion = 10.0.40219.1
Project("{FAE04EC0-301F-11D3-BF4B-00C04F79EFBC}") = "AS2122_4H_INF_Prof_ClasseVeicolo", "AS2122_4H_INF_Prof_ClasseVeicolo\AS2122_4H_INF_Prof_ClasseVeicolo.csproj", "{AC4493B4-C904-4DF8-92B9-3FB8B485B503}"
EndProject
Global
	GlobalSection(SolutionConfigurationPlatforms) = preSolution
		Debug|Any CPU = Debug|Any CPU
		Release|Any CPU = Release|Any CPU
	EndGlobalSection
	GlobalSection(ProjectConfigurationPlatforms) = postSolution
		{AC4493B4-C904-4DF8-92B9-3FB8B485B503}.Debug|Any CPU.ActiveCfg = Debug|Any CPU
		{AC4493B4-C904-4DF8-92B9-3FB8B485B503}.Debug|Any CPU.Build.0 = Debug|Any CPU
		{AC4493B4-C904-4DF8-92B9-3FB8B485B503}.Release|Any CPU.ActiveCfg = Release|Any CPU
		{AC4493B4-C904-4DF8-92B9-3FB8B485B503}.Release|Any CPU.Build.0 = Release|Any CPU
	EndGlobalSection
	GlobalSection(SolutionProperties) = preSolution
		HideSolutionNode = FALSE
	EndGlobalSection
	GlobalSection(ExtensibilityGlobals) = postSolution
		SolutionGuid = {D212B8B2-BAEF-4C94-A3C8-692A901EBBA1}
	EndGlobalSection
EndGlobal
