
Microsoft Visual Studio Solution File, Format Version 12.00
# Visual Studio Version 17
VisualStudioVersion = 17.0.32112.339
MinimumVisualStudioVersion = 10.0.40219.1
Project("{FAE04EC0-301F-11D3-BF4B-00C04F79EFBC}") = "ApplicazioneMultiform", "ApplicazioneMultiform.csproj", "{898D5C89-F8DE-43BF-8354-2695BFC5C453}"
EndProject
Global
	GlobalSection(SolutionConfigurationPlatforms) = preSolution
		Debug|Any CPU = Debug|Any CPU
		Release|Any CPU = Release|Any CPU
	EndGlobalSection
	GlobalSection(ProjectConfigurationPlatforms) = postSolution
		{898D5C89-F8DE-43BF-8354-2695BFC5C453}.Debug|Any CPU.ActiveCfg = Debug|Any CPU
		{898D5C89-F8DE-43BF-8354-2695BFC5C453}.Debug|Any CPU.Build.0 = Debug|Any CPU
		{898D5C89-F8DE-43BF-8354-2695BFC5C453}.Release|Any CPU.ActiveCfg = Release|Any CPU
		{898D5C89-F8DE-43BF-8354-2695BFC5C453}.Release|Any CPU.Build.0 = Release|Any CPU
	EndGlobalSection
	GlobalSection(SolutionProperties) = preSolution
		HideSolutionNode = FALSE
	EndGlobalSection
	GlobalSection(ExtensibilityGlobals) = postSolution
		SolutionGuid = {A0AC98DF-B36A-40E8-BB06-EA143EE3F3C3}
	EndGlobalSection
EndGlobal
